
Microsoft Visual Studio Solution File, Format Version 12.00
# Visual Studio 15
VisualStudioVersion = 15.0.27703.2042
MinimumVisualStudioVersion = 10.0.40219.1
Project("{FAE04EC0-301F-11D3-BF4B-00C04F79EFBC}") = "CarolinesClassroomRobots", "CarolinesClassroomRobots\CarolinesClassroomRobots.csproj", "{2739FEF2-3A4A-45BE-A84B-8092BD8C8BDC}"
EndProject
Global
	GlobalSection(SolutionConfigurationPlatforms) = preSolution
		Debug|Any CPU = Debug|Any CPU
		Release|Any CPU = Release|Any CPU
	EndGlobalSection
	GlobalSection(ProjectConfigurationPlatforms) = postSolution
		{2739FEF2-3A4A-45BE-A84B-8092BD8C8BDC}.Debug|Any CPU.ActiveCfg = Debug|Any CPU
		{2739FEF2-3A4A-45BE-A84B-8092BD8C8BDC}.Debug|Any CPU.Build.0 = Debug|Any CPU
		{2739FEF2-3A4A-45BE-A84B-8092BD8C8BDC}.Release|Any CPU.ActiveCfg = Release|Any CPU
		{2739FEF2-3A4A-45BE-A84B-8092BD8C8BDC}.Release|Any CPU.Build.0 = Release|Any CPU
	EndGlobalSection
	GlobalSection(SolutionProperties) = preSolution
		HideSolutionNode = FALSE
	EndGlobalSection
	GlobalSection(ExtensibilityGlobals) = postSolution
		SolutionGuid = {B4D7AEFB-0923-43D7-BF18-3D3790213F79}
	EndGlobalSection
EndGlobal
